
Microsoft Visual Studio Solution File, Format Version 12.00
# Visual Studio Version 16
VisualStudioVersion = 16.0.31205.134
MinimumVisualStudioVersion = 10.0.40219.1
Project("{FAE04EC0-301F-11D3-BF4B-00C04F79EFBC}") = "19F0916", "19F0916\19F0916.csproj", "{97550F5C-1398-4DD1-97F9-9CF0005FFBD9}"
EndProject
Global
	GlobalSection(SolutionConfigurationPlatforms) = preSolution
		Debug|Any CPU = Debug|Any CPU
		Release|Any CPU = Release|Any CPU
	EndGlobalSection
	GlobalSection(ProjectConfigurationPlatforms) = postSolution
		{97550F5C-1398-4DD1-97F9-9CF0005FFBD9}.Debug|Any CPU.ActiveCfg = Debug|Any CPU
		{97550F5C-1398-4DD1-97F9-9CF0005FFBD9}.Debug|Any CPU.Build.0 = Debug|Any CPU
		{97550F5C-1398-4DD1-97F9-9CF0005FFBD9}.Release|Any CPU.ActiveCfg = Release|Any CPU
		{97550F5C-1398-4DD1-97F9-9CF0005FFBD9}.Release|Any CPU.Build.0 = Release|Any CPU
	EndGlobalSection
	GlobalSection(SolutionProperties) = preSolution
		HideSolutionNode = FALSE
	EndGlobalSection
	GlobalSection(ExtensibilityGlobals) = postSolution
		SolutionGuid = {4919494C-7A19-4518-80DC-B11596CC2FAA}
	EndGlobalSection
EndGlobal
